
Microsoft Visual Studio Solution File, Format Version 12.00
# Visual Studio Version 16
VisualStudioVersion = 16.0.31025.194
MinimumVisualStudioVersion = 10.0.40219.1
Project("{9A19103F-16F7-4668-BE54-9A1E7A4F7556}") = "GrupoOneParx.WEB", "GrupoOneParx.WEB\GrupoOneParx.WEB.csproj", "{0A88BF0A-82AA-4C71-9988-DE4A413FD252}"
EndProject
Project("{9A19103F-16F7-4668-BE54-9A1E7A4F7556}") = "GrupoOneParx.Data", "GrupoOneParx.Data\GrupoOneParx.Data.csproj", "{12B4CF0D-4DBF-4AEA-A58B-BF57569B400E}"
EndProject
Project("{9A19103F-16F7-4668-BE54-9A1E7A4F7556}") = "GrupoOneParx.Business", "GrupoOneParx.Business\GrupoOneParx.Business.csproj", "{2B6FA3B0-66DB-4F3B-9568-5DCE26D776BC}"
EndProject
Global
	GlobalSection(SolutionConfigurationPlatforms) = preSolution
		Debug|Any CPU = Debug|Any CPU
		Release|Any CPU = Release|Any CPU
	EndGlobalSection
	GlobalSection(ProjectConfigurationPlatforms) = postSolution
		{0A88BF0A-82AA-4C71-9988-DE4A413FD252}.Debug|Any CPU.ActiveCfg = Debug|Any CPU
		{0A88BF0A-82AA-4C71-9988-DE4A413FD252}.Debug|Any CPU.Build.0 = Debug|Any CPU
		{0A88BF0A-82AA-4C71-9988-DE4A413FD252}.Release|Any CPU.ActiveCfg = Release|Any CPU
		{0A88BF0A-82AA-4C71-9988-DE4A413FD252}.Release|Any CPU.Build.0 = Release|Any CPU
		{12B4CF0D-4DBF-4AEA-A58B-BF57569B400E}.Debug|Any CPU.ActiveCfg = Debug|Any CPU
		{12B4CF0D-4DBF-4AEA-A58B-BF57569B400E}.Debug|Any CPU.Build.0 = Debug|Any CPU
		{12B4CF0D-4DBF-4AEA-A58B-BF57569B400E}.Release|Any CPU.ActiveCfg = Release|Any CPU
		{12B4CF0D-4DBF-4AEA-A58B-BF57569B400E}.Release|Any CPU.Build.0 = Release|Any CPU
		{2B6FA3B0-66DB-4F3B-9568-5DCE26D776BC}.Debug|Any CPU.ActiveCfg = Debug|Any CPU
		{2B6FA3B0-66DB-4F3B-9568-5DCE26D776BC}.Debug|Any CPU.Build.0 = Debug|Any CPU
		{2B6FA3B0-66DB-4F3B-9568-5DCE26D776BC}.Release|Any CPU.ActiveCfg = Release|Any CPU
		{2B6FA3B0-66DB-4F3B-9568-5DCE26D776BC}.Release|Any CPU.Build.0 = Release|Any CPU
	EndGlobalSection
	GlobalSection(SolutionProperties) = preSolution
		HideSolutionNode = FALSE
	EndGlobalSection
	GlobalSection(ExtensibilityGlobals) = postSolution
		SolutionGuid = {A785B60B-D7B7-46BB-B11E-2F5A0BD7775A}
	EndGlobalSection
EndGlobal
